{
    "_readme": [
        "This file locks the dependencies of your project to a known state",
        "Read more about it at https://getcomposer.org/doc/01-basic-usage.md#composer-lock-the-lock-file",
        "This file is @generated automatically"
    ],
    "hash": "20cd88360f08947bd76b2871fbe0d0d7",
    "content-hash": "2053f4122bc418c814098ccbfb95d759",
    "packages": [
        {
            "name": "composer/installers",
            "version": "dev-master",
            "source": {
                "type": "git",
                "url": "https://github.com/composer/installers.git",
                "reference": "0d061bff8273df2f4a45287209acfb769a01a02d"
            },
            "dist": {
                "type": "zip",
                "url": "https://api.github.com/repos/composer/installers/zipball/0d061bff8273df2f4a45287209acfb769a01a02d",
                "reference": "0d061bff8273df2f4a45287209acfb769a01a02d",
                "shasum": ""
            },
            "require": {
                "composer-plugin-api": "^1.0"
            },
            "replace": {
                "roundcube/plugin-installer": "*",
                "shama/baton": "*"
            },
            "require-dev": {
                "composer/composer": "1.0.*@dev",
                "phpunit/phpunit": "4.1.*"
            },
            "type": "composer-plugin",
            "extra": {
                "class": "Composer\\Installers\\Plugin",
                "branch-alias": {
                    "dev-master": "1.0-dev"
                }
            },
            "autoload": {
                "psr-0": {
                    "Composer\\Installers\\": "src/"
                }
            },
            "notification-url": "https://packagist.org/downloads/",
            "license": [
                "MIT"
            ],
            "authors": [
                {
                    "name": "Kyle Robinson Young",
                    "email": "kyle@dontkry.com",
                    "homepage": "https://github.com/shama"
                }
            ],
            "description": "A multi-framework Composer library installer",
            "homepage": "http://composer.github.com/installers/",
            "keywords": [
                "Craft",
                "Dolibarr",
                "Hurad",
                "MODX Evo",
                "Mautic",
                "OXID",
                "SMF",
                "Thelia",
                "WolfCMS",
                "agl",
                "aimeos",
                "annotatecms",
                "bitrix",
                "cakephp",
                "chef",
                "codeigniter",
                "concrete5",
                "croogo",
                "dokuwiki",
                "drupal",
                "elgg",
                "fuelphp",
                "grav",
                "installer",
                "joomla",
                "kohana",
                "laravel",
                "lithium",
                "magento",
                "mako",
                "mediawiki",
                "modulework",
                "moodle",
                "phpbb",
                "piwik",
                "ppi",
                "puppet",
                "roundcube",
                "shopware",
                "silverstripe",
                "symfony",
                "typo3",
                "wordpress",
                "zend",
                "zikula"
            ],
            "time": "2016-03-11 13:58:36"
        },
        {
            "name": "derhasi/composer-preserve-paths",
            "version": "0.1.2",
            "source": {
                "type": "git",
                "url": "https://github.com/derhasi/composer-preserve-paths.git",
                "reference": "13309cebd530c3f5e9bfa238aa496076a644540b"
            },
            "dist": {
                "type": "zip",
                "url": "https://api.github.com/repos/derhasi/composer-preserve-paths/zipball/13309cebd530c3f5e9bfa238aa496076a644540b",
                "reference": "13309cebd530c3f5e9bfa238aa496076a644540b",
                "shasum": ""
            },
            "require": {
                "composer-plugin-api": "^1.0"
            },
            "require-dev": {
                "composer/composer": "1.0.*@dev",
                "derhasi/tempdirectory": "0.1.*",
                "phpunit/phpunit": "4.4.*"
            },
            "type": "composer-plugin",
            "extra": {
                "class": "derhasi\\Composer\\Plugin"
            },
            "autoload": {
                "psr-4": {
                    "derhasi\\Composer\\": "src/"
                }
            },
            "notification-url": "https://packagist.org/downloads/",
            "license": [
                "GPL-2.0+"
            ],
            "authors": [
                {
                    "name": "Johannes Haseitl",
                    "email": "johannes@undpaul.de",
                    "homepage": "http://www.undpaul.de"
                }
            ],
            "description": "Composer plugin for preserving custom paths and supporting nested packages",
            "homepage": "https://github.com/derhasi/composer-preserve-paths",
            "keywords": [
                "composer-plugin",
                "custom path",
                "installer",
                "nested package"
            ],
            "time": "2015-06-17 18:21:27"
        },
        {
            "name": "drupal/admin_menu",
            "version": "7.3.0-rc5",
            "source": {
                "type": "git",
                "url": "https://git.drupal.org/project/admin_menu",
                "reference": "59a4fe3d4da5a80dd6abec5873a9930ccfb15c17"
            },
            "dist": {
                "type": "zip",
                "url": "https://ftp.drupal.org/files/projects/admin_menu-7.x-3.0-rc5.zip",
                "reference": null,
                "shasum": null
            },
            "require": {
                "drupal/drupal": "7.*",
                "drupal/system": ">7.10.0"
            },
            "replace": {
                "drupal/admin_devel": "self.version",
                "drupal/admin_menu_toolbar": "self.version"
            },
            "type": "drupal-module",
            "extra": {
                "branch-alias": {
                    "dev-7.x-3.x": "7.3.x-dev"
                }
            },
            "notification-url": "https://packagist.drupal-composer.org/downloads/",
            "description": "Provides a dropdown menu to most administrative tasks and other common destinations (to users with the proper permissions).",
            "homepage": "https://www.drupal.org/project/admin_menu"
        },
        {
            "name": "drupal/advanced_help",
            "version": "dev-7.x-1.x",
            "source": {
                "type": "git",
                "url": "https://git.drupal.org/project/advanced_help",
                "reference": "7f3d4cfb82dff7a6c93dbe5d730bf0e7c354adfe"
            },
            "require": {
                "drupal/drupal": "7.*"
            },
            "replace": {
                "drupal/help_example": "self.version"
            },
            "type": "drupal-module",
            "extra": {
                "branch-alias": {
                    "dev-7.x-1.x": "7.1.x-dev"
                }
            },
            "notification-url": "https://packagist.drupal-composer.org/downloads/",
            "description": "Provide extended help and documentation.",
            "homepage": "https://www.drupal.org/project/advanced_help",
            "time": "2016-01-31 06:50:08"
        },
        {
            "name": "drupal/backup_migrate",
            "version": "dev-7.x-3.x",
            "source": {
                "type": "git",
                "url": "https://git.drupal.org/project/backup_migrate",
                "reference": "9a3800f1dd2d3fc8c789073e4552c38bf70ed955"
            },
            "require": {
                "drupal/drupal": "7.*"
            },
            "type": "drupal-module",
            "extra": {
                "branch-alias": {
                    "dev-7.x-3.x": "7.3.x-dev"
                }
            },
            "notification-url": "https://packagist.drupal-composer.org/downloads/",
            "description": "Backup the Drupal database and files or migrate them to another environment.",
            "homepage": "https://www.drupal.org/project/backup_migrate",
            "time": "2015-07-01 20:41:14"
        },
        {
            "name": "drupal/bootstrap",
            "version": "7.3.4",
            "source": {
                "type": "git",
                "url": "https://git.drupal.org/project/bootstrap",
                "reference": "0cc98e28d5c079a480993943e23adbda959463f7"
            },
            "dist": {
                "type": "zip",
                "url": "https://ftp.drupal.org/files/projects/bootstrap-7.x-3.4.zip",
                "reference": null,
                "shasum": null
            },
            "require": {
                "drupal/drupal": "7.*"
            },
            "type": "drupal-theme",
            "extra": {
                "branch-alias": {
                    "dev-7.x-3.x": "7.3.x-dev"
                }
            },
            "notification-url": "https://packagist.drupal-composer.org/downloads/",
            "description": "Built to use Bootstrap, a sleek, intuitive, and powerful front-end framework for faster and easier web development.",
            "homepage": "https://www.drupal.org/project/bootstrap"
        },
        {
            "name": "drupal/ctools",
            "version": "dev-7.x-1.x",
            "source": {
                "type": "git",
                "url": "https://git.drupal.org/project/ctools",
                "reference": "5aa6dba4dcf81ec24f7a6cdec3033c463ce74dbf"
            },
            "require": {
                "drupal/drupal": "7.*"
            },
            "replace": {
                "drupal/bulk_export": "self.version",
                "drupal/ctools_access_ruleset": "self.version",
                "drupal/ctools_ajax_sample": "self.version",
                "drupal/ctools_custom_content": "self.version",
                "drupal/ctools_plugin_example": "self.version",
                "drupal/page_manager": "self.version",
                "drupal/stylizer": "self.version",
                "drupal/term_depth": "self.version",
                "drupal/views_content": "self.version"
            },
            "suggest": {
                "drupal/advanced_help": "Required by drupal/ctools_plugin_example",
                "drupal/color": "Required by drupal/stylizer",
                "drupal/page_manager": "Required by drupal/ctools_plugin_example",
                "drupal/panels": "Required by drupal/ctools_plugin_example",
                "drupal/views": "Required by drupal/views_content"
            },
            "type": "drupal-module",
            "extra": {
                "branch-alias": {
                    "dev-7.x-1.x": "7.1.x-dev"
                }
            },
            "notification-url": "https://packagist.drupal-composer.org/downloads/",
            "license": [
                "GPL-2.0+"
            ],
            "description": "A library of helpful tools by Merlin of Chaos.",
            "homepage": "https://www.drupal.org/project/ctools",
            "time": "2016-02-19 22:05:26"
        },
        {
            "name": "drupal/devel",
            "version": "dev-7.x-1.x",
            "source": {
                "type": "git",
                "url": "https://git.drupal.org/project/devel",
                "reference": "f047d41e62769c9d9ec917df9648e935d7abc132"
            },
            "require": {
                "drupal/drupal": "7.*"
            },
            "replace": {
                "drupal/devel_generate": "self.version",
                "drupal/devel_node_access": "self.version"
            },
            "suggest": {
                "drupal/menu": "Required by drupal/devel_node_access"
            },
            "type": "drupal-module",
            "extra": {
                "branch-alias": {
                    "dev-7.x-1.x": "7.1.x-dev"
                }
            },
            "notification-url": "https://packagist.drupal-composer.org/downloads/",
            "license": [
                "GPL-2.0+"
            ],
            "description": "Various blocks, pages, and functions for developers.",
            "homepage": "https://www.drupal.org/project/devel",
            "time": "2016-03-14 18:02:40"
        },
        {
            "name": "drupal/diff",
            "version": "dev-7.x-3.x",
            "source": {
                "type": "git",
                "url": "https://git.drupal.org/project/diff",
                "reference": "3a03b6c3e229214fdd5533ca419e21b6d93df3c1"
            },
            "require": {
                "drupal/drupal": "7.*"
            },
            "type": "drupal-module",
            "extra": {
                "branch-alias": {
                    "dev-7.x-3.x": "7.3.x-dev"
                }
            },
            "notification-url": "https://packagist.drupal-composer.org/downloads/",
            "description": "Show differences between content revisions.",
            "homepage": "https://www.drupal.org/project/diff",
            "time": "2015-08-26 15:25:08"
        },
        {
            "name": "drupal/displaysuite",
            "version": "dev-7.x-1.x",
            "source": {
                "type": "git",
                "url": "https://git.drupal.org/project/displaysuite",
                "reference": "41324b7d294339a026b94addc3aef99ec631f853"
            },
            "require": {
                "drupal/block": "7.*",
                "drupal/comment": "7.*",
                "drupal/contextual": "7.*",
                "drupal/ctools": "7.*",
                "drupal/dashboard": "7.*",
                "drupal/dblog": "7.*",
                "drupal/drupal": "7.*",
                "drupal/ds": "7.*",
                "drupal/ds_extras": "7.*",
                "drupal/field_ui": "7.*",
                "drupal/file": "7.*",
                "drupal/heartbeat": "7.*",
                "drupal/help": "7.*",
                "drupal/image": "7.*",
                "drupal/list": "7.*",
                "drupal/menu": "7.*",
                "drupal/nodesinblock": "7.*",
                "drupal/number": "7.*",
                "drupal/options": "7.*",
                "drupal/page_manager": "7.*",
                "drupal/panels": "7.*",
                "drupal/panels_node": "7.*",
                "drupal/path": "7.*",
                "drupal/search": "7.*",
                "drupal/shortcut": "7.*",
                "drupal/taxonomy": "7.*",
                "drupal/toolbar": "7.*",
                "drupal/views": "7.*",
                "drupal/views_ui": "7.*"
            },
            "type": "drupal-profile",
            "extra": {
                "branch-alias": {
                    "dev-7.x-1.x": "7.1.x-dev"
                }
            },
            "notification-url": "https://packagist.drupal-composer.org/downloads/",
            "description": "Install Display Suite and some key modules it supports.",
            "homepage": "https://www.drupal.org/project/displaysuite",
            "time": "2011-06-23 21:17:58"
        },
        {
            "name": "drupal/disqus",
            "version": "dev-7.x-1.x",
            "source": {
                "type": "git",
                "url": "https://git.drupal.org/project/disqus",
                "reference": "25e573dfe32ec5102148e62f896e72aae84c3fa3"
            },
            "require": {
                "drupal/drupal": "7.*"
            },
            "replace": {
                "drupal/disqus_ds": "self.version"
            },
            "suggest": {
                "drupal/ds": "Required by drupal/disqus_ds"
            },
            "type": "drupal-module",
            "extra": {
                "branch-alias": {
                    "dev-7.x-1.x": "7.1.x-dev"
                }
            },
            "notification-url": "https://packagist.drupal-composer.org/downloads/",
            "license": [
                "GPL-2.0+"
            ],
            "description": "Uses the Disqus web service to enhance comments.",
            "homepage": "https://www.drupal.org/project/disqus",
            "time": "2016-03-03 12:28:00"
        },
        {
            "name": "drupal/drupal",
            "version": "7.x-dev",
            "source": {
                "type": "git",
                "url": "https://git.drupal.org/project/drupal",
                "reference": "199086149342862bb51d666cf9ec992e246249ca"
            },
            "replace": {
                "drupal/aggregator": "self.version",
                "drupal/bartik": "self.version",
                "drupal/block": "self.version",
                "drupal/blog": "self.version",
                "drupal/book": "self.version",
                "drupal/color": "self.version",
                "drupal/comment": "self.version",
                "drupal/contact": "self.version",
                "drupal/contextual": "self.version",
                "drupal/dashboard": "self.version",
                "drupal/dblog": "self.version",
                "drupal/field": "self.version",
                "drupal/field_sql_storage": "self.version",
                "drupal/field_ui": "self.version",
                "drupal/file": "self.version",
                "drupal/filter": "self.version",
                "drupal/forum": "self.version",
                "drupal/garland": "self.version",
                "drupal/help": "self.version",
                "drupal/image": "self.version",
                "drupal/list": "self.version",
                "drupal/locale": "self.version",
                "drupal/menu": "self.version",
                "drupal/minimal": "self.version",
                "drupal/node": "self.version",
                "drupal/number": "self.version",
                "drupal/openid": "self.version",
                "drupal/options": "self.version",
                "drupal/overlay": "self.version",
                "drupal/path": "self.version",
                "drupal/php": "self.version",
                "drupal/poll": "self.version",
                "drupal/profile": "self.version",
                "drupal/rdf": "self.version",
                "drupal/search": "self.version",
                "drupal/seven": "self.version",
                "drupal/shortcut": "self.version",
                "drupal/standard": "self.version",
                "drupal/stark": "self.version",
                "drupal/statistics": "self.version",
                "drupal/syslog": "self.version",
                "drupal/system": "self.version",
                "drupal/taxonomy": "self.version",
                "drupal/text": "self.version",
                "drupal/toolbar": "self.version",
                "drupal/tracker": "self.version",
                "drupal/translation": "self.version",
                "drupal/trigger": "self.version",
                "drupal/update": "self.version",
                "drupal/user": "self.version"
            },
            "suggest": {
                "drupal/block": "Required by drupal/dashboard, drupal/minimal, drupal/standard",
                "drupal/color": "Required by drupal/standard",
                "drupal/comment": "Required by drupal/forum, drupal/tracker, drupal/standard",
                "drupal/contextual": "Required by drupal/standard",
                "drupal/dashboard": "Required by drupal/standard",
                "drupal/dblog": "Required by drupal/minimal, drupal/standard",
                "drupal/field": "Required by drupal/field_sql_storage, drupal/list, drupal/number, drupal/options, drupal/text, drupal/field_ui, drupal/file",
                "drupal/field_sql_storage": "Required by drupal/field",
                "drupal/field_ui": "Required by drupal/standard",
                "drupal/file": "Required by drupal/image, drupal/standard",
                "drupal/help": "Required by drupal/standard",
                "drupal/image": "Required by drupal/standard",
                "drupal/list": "Required by drupal/standard",
                "drupal/locale": "Required by drupal/translation",
                "drupal/menu": "Required by drupal/standard",
                "drupal/number": "Required by drupal/standard",
                "drupal/options": "Required by drupal/list, drupal/taxonomy, drupal/standard",
                "drupal/overlay": "Required by drupal/standard",
                "drupal/path": "Required by drupal/standard",
                "drupal/rdf": "Required by drupal/standard",
                "drupal/search": "Required by drupal/standard",
                "drupal/shortcut": "Required by drupal/standard",
                "drupal/taxonomy": "Required by drupal/forum, drupal/standard",
                "drupal/text": "Required by drupal/comment",
                "drupal/toolbar": "Required by drupal/standard"
            },
            "type": "drupal-core",
            "extra": {
                "branch-alias": {
                    "dev-7.x-": "7.x-dev"
                }
            },
            "notification-url": "https://packagist.drupal-composer.org/downloads/",
            "description": "Handles general site configuration for administrators.",
            "homepage": "https://www.drupal.org/project/drupal",
            "time": "2016-02-24 19:30:28"
        },
        {
            "name": "drupal/ds",
            "version": "dev-7.x-2.x",
            "source": {
                "type": "git",
                "url": "https://git.drupal.org/project/ds",
                "reference": "2ccb1ddb42cb0dcf406bec5d8a70cc19ef2a1f0e"
            },
            "require": {
                "drupal/ctools": "7.*",
                "drupal/drupal": "7.*"
            },
            "replace": {
                "drupal/ds_devel": "self.version",
                "drupal/ds_extras": "self.version",
                "drupal/ds_format": "self.version",
                "drupal/ds_forms": "self.version",
                "drupal/ds_search": "self.version",
                "drupal/ds_ui": "self.version"
            },
            "suggest": {
                "drupal/devel": "Required by drupal/ds_devel"
            },
            "type": "drupal-module",
            "extra": {
                "branch-alias": {
                    "dev-7.x-2.x": "7.2.x-dev"
                }
            },
            "notification-url": "https://packagist.drupal-composer.org/downloads/",
            "description": "Extend the display options for every entity type.",
            "homepage": "https://www.drupal.org/project/ds",
            "time": "2016-01-19 18:29:18"
        },
        {
            "name": "drupal/entity",
            "version": "dev-7.x-1.x",
            "source": {
                "type": "git",
                "url": "https://git.drupal.org/project/entity",
                "reference": "1fa8f2dcb25ab26904c3d910399eaf23e17232bc"
            },
            "require": {
                "drupal/drupal": "7.*"
            },
            "replace": {
                "drupal/entity_token": "self.version"
            },
            "type": "drupal-module",
            "extra": {
                "branch-alias": {
                    "dev-7.x-1.x": "7.1.x-dev"
                }
            },
            "notification-url": "https://packagist.drupal-composer.org/downloads/",
            "license": [
                "GPL-2.0+"
            ],
            "description": "Enables modules to work with any entity type and to provide entities.",
            "homepage": "https://www.drupal.org/project/entity",
            "time": "2016-03-17 17:02:49"
        },
        {
            "name": "drupal/entityreference",
            "version": "dev-7.x-1.x",
            "source": {
                "type": "git",
                "url": "https://git.drupal.org/project/entityreference",
                "reference": "b5009cd1406f72a4fbc1103642ddc69a28d26c5a"
            },
            "require": {
                "drupal/ctools": "7.*",
                "drupal/drupal": "7.*",
                "drupal/entity": "7.*"
            },
            "replace": {
                "drupal/entityreference_behavior_example": "self.version"
            },
            "type": "drupal-module",
            "extra": {
                "branch-alias": {
                    "dev-7.x-1.x": "7.1.x-dev"
                }
            },
            "notification-url": "https://packagist.drupal-composer.org/downloads/",
            "description": "Provides a field that can reference other entities.",
            "homepage": "https://www.drupal.org/project/entityreference",
            "time": "2015-11-13 09:34:14"
        },
        {
            "name": "drupal/features",
            "version": "dev-7.x-2.x",
            "source": {
                "type": "git",
                "url": "https://git.drupal.org/project/features",
                "reference": "4184b9b169c150f712f15b2cf51686cd56894927"
            },
            "require": {
                "drupal/drupal": "7.*"
            },
            "type": "drupal-module",
            "extra": {
                "branch-alias": {
                    "dev-7.x-2.x": "7.2.x-dev"
                }
            },
            "notification-url": "https://packagist.drupal-composer.org/downloads/",
            "description": "Provides feature management for Drupal.",
            "homepage": "https://www.drupal.org/project/features",
            "time": "2015-10-15 14:26:47"
        },
        {
            "name": "drupal/feeds",
            "version": "7.2.0-beta2",
            "source": {
                "type": "git",
                "url": "https://git.drupal.org/project/feeds",
                "reference": "c468750bb13c17963e44473366d8149edb345e5f"
            },
            "dist": {
                "type": "zip",
                "url": "https://ftp.drupal.org/files/projects/feeds-7.x-2.0-beta2.zip",
                "reference": null,
                "shasum": null
            },
            "require": {
                "drupal/ctools": "7.*",
                "drupal/drupal": "7.*",
                "drupal/job_scheduler": "7.*"
            },
            "replace": {
                "drupal/feeds_import": "self.version",
                "drupal/feeds_news": "self.version",
                "drupal/feeds_ui": "self.version"
            },
            "suggest": {
                "drupal/ctools": "Required by drupal/feeds_import, drupal/feeds_news",
                "drupal/features": "Required by drupal/feeds_news",
                "drupal/views": "Required by drupal/feeds_news"
            },
            "type": "drupal-module",
            "extra": {
                "branch-alias": {
                    "dev-7.x-2.x": "7.2.x-dev"
                }
            },
            "notification-url": "https://packagist.drupal-composer.org/downloads/",
            "license": [
                "GPL-2.0+"
            ],
            "description": "Aggregates RSS/Atom/RDF feeds, imports CSV files and more.",
            "homepage": "https://www.drupal.org/project/feeds",
            "time": "2016-02-21 11:26:35"
        },
        {
            "name": "drupal/feeds_tamper",
            "version": "dev-7.x-1.x",
            "source": {
                "type": "git",
                "url": "https://git.drupal.org/project/feeds_tamper",
                "reference": "e310053a3f55a331d444665e0c0efef121bd190c"
            },
            "require": {
                "drupal/drupal": "7.*",
                "drupal/feeds": "7.*"
            },
            "replace": {
                "drupal/feeds_tamper_ui": "self.version"
            },
            "suggest": {
                "drupal/feeds_ui": "Required by drupal/feeds_tamper_ui"
            },
            "type": "drupal-module",
            "extra": {
                "branch-alias": {
                    "dev-7.x-1.x": "7.1.x-dev"
                }
            },
            "notification-url": "https://packagist.drupal-composer.org/downloads/",
            "description": "Modify feeds data before it gets saved.",
            "homepage": "https://www.drupal.org/project/feeds_tamper",
            "time": "2015-12-15 04:49:30"
        },
        {
            "name": "drupal/field_collection",
            "version": "7.1.0-beta11",
            "source": {
                "type": "git",
                "url": "https://git.drupal.org/project/field_collection",
                "reference": "ec024e5cfb5308bce4d10756683a8cd3fa881b8f"
            },
            "dist": {
                "type": "zip",
                "url": "https://ftp.drupal.org/files/projects/field_collection-7.x-1.0-beta11.zip",
                "reference": null,
                "shasum": null
            },
            "require": {
                "drupal/drupal": "7.*",
                "drupal/entity": "7.*"
            },
            "type": "drupal-module",
            "extra": {
                "branch-alias": {
                    "dev-7.x-1.x": "7.1.x-dev"
                }
            },
            "notification-url": "https://packagist.drupal-composer.org/downloads/",
            "description": "Provides a field collection field, to which any number of fields can be attached.",
            "homepage": "https://www.drupal.org/project/field_collection"
        },
        {
            "name": "drupal/heartbeat",
            "version": "dev-7.x-1.x",
            "source": {
                "type": "git",
                "url": "https://git.drupal.org/project/heartbeat",
                "reference": "c1f306e2ce3bbc36579e2bbd74f271659889d8d3"
            },
            "dist": {
                "type": "zip",
                "url": "https://ftp.drupal.org/files/projects/heartbeat-7.x-1.1.zip",
                "reference": null,
                "shasum": null
            },
            "require": {
                "drupal/ctools": "7.*",
                "drupal/drupal": "7.*"
            },
            "replace": {
                "drupal/heartbeat_comments": "self.version",
                "drupal/heartbeat_defaults": "self.version",
                "drupal/heartbeat_example": "self.version",
                "drupal/heartbeat_nodejs": "self.version",
                "drupal/heartbeat_og": "self.version",
                "drupal/heartbeat_plugins": "self.version",
                "drupal/heartbeat_rules": "self.version",
                "drupal/heartbeat_ui": "self.version"
            },
            "suggest": {
                "drupal/heartbeat_defaults": "Required by drupal/heartbeat_example",
                "drupal/heartbeat_plugins": "Required by drupal/heartbeat_comments",
                "drupal/nodejs": "Required by drupal/heartbeat_nodejs",
                "drupal/og_context": "Required by drupal/heartbeat_og",
                "drupal/rules": "Required by drupal/heartbeat_rules",
                "drupal/token": "Required by drupal/heartbeat_rules"
            },
            "type": "drupal-module",
            "extra": {
                "branch-alias": {
                    "dev-7.x-1.x": "7.1.x-dev"
                }
            },
            "notification-url": "https://packagist.drupal-composer.org/downloads/",
            "description": "Logs user activity when certain events occur, triggering actions. The logged data is accessable through heartbeat displays.",
            "homepage": "https://www.drupal.org/project/heartbeat",
            "time": "2012-09-04 19:14:45"
        },
        {
            "name": "drupal/job_scheduler",
            "version": "dev-7.x-2.x",
            "source": {
                "type": "git",
                "url": "https://git.drupal.org/project/job_scheduler",
                "reference": "9baaba6bebd34ad6842b1a5292d4d8b32dc9c65c"
            },
            "require": {
                "drupal/drupal": "7.*"
            },
            "replace": {
                "drupal/job_scheduler_trigger": "self.version"
            },
            "suggest": {
                "drupal/trigger": "Required by drupal/job_scheduler_trigger"
            },
            "type": "drupal-module",
            "extra": {
                "branch-alias": {
                    "dev-7.x-2.x": "7.2.x-dev"
                }
            },
            "notification-url": "https://packagist.drupal-composer.org/downloads/",
            "description": "Scheduler API",
            "homepage": "https://www.drupal.org/project/job_scheduler",
            "time": "2015-01-21 14:00:51"
        },
        {
            "name": "drupal/migrate",
            "version": "dev-7.x-2.x",
            "source": {
                "type": "git",
                "url": "https://git.drupal.org/project/migrate",
                "reference": "bdb5a86116295df7c35fbb39bdd4397f743498c1"
            },
            "require": {
                "drupal/drupal": "7.*"
            },
            "replace": {
                "drupal/migrate_example": "self.version",
                "drupal/migrate_example_baseball": "self.version",
                "drupal/migrate_example_oracle": "self.version",
                "drupal/migrate_ui": "self.version"
            },
            "suggest": {
                "drupal/comment": "Required by drupal/migrate_example",
                "drupal/features": "Required by drupal/migrate_example_oracle, drupal/migrate_example_baseball",
                "drupal/image": "Required by drupal/migrate_example, drupal/migrate_example_oracle",
                "drupal/list": "Required by drupal/migrate_example",
                "drupal/number": "Required by drupal/migrate_example, drupal/migrate_example_baseball",
                "drupal/taxonomy": "Required by drupal/migrate_example"
            },
            "type": "drupal-module",
            "extra": {
                "branch-alias": {
                    "dev-7.x-2.x": "7.2.x-dev"
                }
            },
            "notification-url": "https://packagist.drupal-composer.org/downloads/",
            "description": "Import content from external sources",
            "homepage": "https://www.drupal.org/project/migrate",
            "time": "2015-11-28 20:45:16"
        },
        {
            "name": "drupal/nodesinblock",
            "version": "dev-7.x-1.x",
            "source": {
                "type": "git",
                "url": "https://git.drupal.org/project/nodesinblock",
                "reference": "55f082c847b048f6346bdc0002c1d92b8e135f28"
            },
            "require": {
                "drupal/block": "7.*",
                "drupal/drupal": "7.*"
            },
            "type": "drupal-module",
            "extra": {
                "branch-alias": {
                    "dev-7.x-1.x": "7.1.x-dev"
                }
            },
            "notification-url": "https://packagist.drupal-composer.org/downloads/",
            "description": "Use nodes as content in one or more regions.",
            "homepage": "https://www.drupal.org/project/nodesinblock",
            "time": "2011-12-02 09:33:02"
        },
        {
            "name": "drupal/panels",
            "version": "dev-7.x-3.x",
            "source": {
                "type": "git",
                "url": "https://git.drupal.org/project/panels",
                "reference": "d8d12d1533948af029b0876ce63d7ef405398c9b"
            },
            "require": {
                "drupal/ctools": ">7.1.5",
                "drupal/drupal": "7.*"
            },
            "replace": {
                "drupal/i18n_panels": "self.version",
                "drupal/panels_ipe": "self.version",
                "drupal/panels_mini": "self.version",
                "drupal/panels_node": "self.version"
            },
            "suggest": {
                "drupal/i18n": "Required by drupal/i18n_panels",
                "drupal/i18n_string": "Required by drupal/i18n_panels",
                "drupal/i18n_translation": "Required by drupal/i18n_panels"
            },
            "type": "drupal-module",
            "extra": {
                "branch-alias": {
                    "dev-7.x-3.x": "7.3.x-dev"
                }
            },
            "notification-url": "https://packagist.drupal-composer.org/downloads/",
            "description": "Core Panels display functions; provides no external UI, at least one other Panels module should be enabled.",
            "homepage": "https://www.drupal.org/project/panels",
            "time": "2016-03-16 16:40:48"
        },
        {
            "name": "drupal/pathauto",
            "version": "dev-7.x-1.x",
            "source": {
                "type": "git",
                "url": "https://git.drupal.org/project/pathauto",
                "reference": "88db3ee74ddf62eab54e12347955dd2f6dd66737"
            },
            "dist": {
                "type": "zip",
                "url": "https://ftp.drupal.org/files/projects/pathauto-7.x-1.3.zip",
                "reference": null,
                "shasum": null
            },
            "require": {
                "drupal/drupal": "7.*",
                "drupal/path": "7.*",
                "drupal/token": "7.*"
            },
            "type": "drupal-module",
            "extra": {
                "branch-alias": {
                    "dev-7.x-1.x": "7.1.x-dev"
                }
            },
            "notification-url": "https://packagist.drupal-composer.org/downloads/",
            "description": "Provides a mechanism for modules to automatically generate aliases for the content they manage.",
            "homepage": "https://www.drupal.org/project/pathauto",
            "time": "2015-10-07 14:09:53"
        },
        {
            "name": "drupal/schema",
            "version": "dev-7.x-1.x",
            "source": {
                "type": "git",
                "url": "https://git.drupal.org/project/schema",
                "reference": "08b02458694d186f8ab3bd0b24fbc738f9271108"
            },
            "dist": {
                "type": "zip",
                "url": "https://ftp.drupal.org/files/projects/schema-7.x-1.2.zip",
                "reference": null,
                "shasum": null
            },
            "require": {
                "drupal/drupal": "7.*"
            },
            "type": "drupal-module",
            "extra": {
                "branch-alias": {
                    "dev-7.x-1.x": "7.1.x-dev"
                }
            },
            "notification-url": "https://packagist.drupal-composer.org/downloads/",
            "description": "The Schema module provides functionality built on the Schema API.",
            "homepage": "https://www.drupal.org/project/schema",
            "time": "2014-03-23 20:22:27"
        },
        {
            "name": "drupal/token",
            "version": "dev-7.x-1.x",
            "source": {
                "type": "git",
                "url": "https://git.drupal.org/project/token",
                "reference": "d9f4e54356922db0b3c0a746095ce1c05ef26b78"
            },
            "require": {
                "drupal/drupal": "7.*"
            },
            "type": "drupal-module",
            "extra": {
                "branch-alias": {
                    "dev-7.x-1.x": "7.1.x-dev"
                }
            },
            "notification-url": "https://packagist.drupal-composer.org/downloads/",
            "description": "Provides a user interface for the Token API and some missing core tokens.",
            "homepage": "https://www.drupal.org/project/token",
            "time": "2015-12-27 17:30:45"
        },
        {
            "name": "drupal/views",
            "version": "dev-7.x-3.x",
            "source": {
                "type": "git",
                "url": "https://git.drupal.org/project/views",
                "reference": "bf1e53a5121f906a96778ed6158a3a7d87cf2fb9"
            },
            "require": {
                "drupal/ctools": "7.*",
                "drupal/drupal": "7.*"
            },
            "replace": {
                "drupal/views_ui": "self.version"
            },
            "type": "drupal-module",
            "extra": {
                "branch-alias": {
                    "dev-7.x-3.x": "7.3.x-dev"
                }
            },
            "notification-url": "https://packagist.drupal-composer.org/downloads/",
            "description": "Create customized lists and queries from your database.",
            "homepage": "https://www.drupal.org/project/views",
            "time": "2016-03-10 17:20:41"
        }
    ],
    "packages-dev": [],
    "aliases": [],
    "minimum-stability": "dev",
    "stability-flags": {
        "drupal/admin_menu": 5,
        "drupal/feeds": 10,
        "drupal/displaysuite": 20,
        "drupal/field_collection": 10
    },
    "prefer-stable": false,
    "prefer-lowest": false,
    "platform": [],
    "platform-dev": []
}
